{
  "version": 4,
  "terraform_version": "0.12.20",
  "serial": 55,
  "lineage": "970cc503-9172-5d15-758d-04ee18486eff",
  "outputs": {},
  "resources": [
    {
      "module": "module.dev",
      "mode": "managed",
      "type": "aws_dynamodb_table",
      "name": "customers_refresh_tokens_table",
      "provider": "provider.aws",
      "instances": [
        {
          "schema_version": 1,
          "attributes": {
            "arn": "arn:aws:dynamodb:us-east-1:196050838810:table/dev-customersRefreshTokens",
            "attribute": [
              {
                "name": "email",
                "type": "S"
              }
            ],
            "billing_mode": "PROVISIONED",
            "global_secondary_index": [],
            "hash_key": "email",
            "id": "dev-customersRefreshTokens",
            "local_secondary_index": [],
            "name": "dev-customersRefreshTokens",
            "point_in_time_recovery": [
              {
                "enabled": false
              }
            ],
            "range_key": null,
            "read_capacity": 2,
            "server_side_encryption": [],
            "stream_arn": "",
            "stream_enabled": false,
            "stream_label": "",
            "stream_view_type": "",
            "tags": null,
            "timeouts": null,
            "ttl": [
              {
                "attribute_name": "ttl",
                "enabled": true
              }
            ],
            "write_capacity": 2
          },
          "private": "eyJlMmJmYjczMC1lY2FhLTExZTYtOGY4OC0zNDM2M2JjN2M0YzAiOnsiY3JlYXRlIjo2MDAwMDAwMDAwMDAsImRlbGV0ZSI6NjAwMDAwMDAwMDAwLCJ1cGRhdGUiOjM2MDAwMDAwMDAwMDB9LCJzY2hlbWFfdmVyc2lvbiI6IjEifQ=="
        }
      ]
    },
    {
      "module": "module.dev",
      "mode": "managed",
      "type": "aws_ssm_parameter",
      "name": "customers_refresh_tokens_table_name",
      "provider": "provider.aws",
      "instances": [
        {
          "schema_version": 0,
          "attributes": {
            "allowed_pattern": "",
            "arn": "arn:aws:ssm:us-east-1:196050838810:parameter/dev/db/dynamodb/customersRefreshTokensTable",
            "description": "",
            "id": "/dev/db/dynamodb/customersRefreshTokensTable",
            "key_id": "",
            "name": "/dev/db/dynamodb/customersRefreshTokensTable",
            "overwrite": null,
            "tags": {},
            "tier": "Standard",
            "type": "String",
            "value": "dev-customersRefreshTokens",
            "version": 1
          },
          "private": "bnVsbA==",
          "dependencies": [
            "module.dev.aws_dynamodb_table.customers_refresh_tokens_table"
          ]
        }
      ]
    }
  ]
}
